
Microsoft Visual Studio Solution File, Format Version 12.00
# Visual Studio Version 16
VisualStudioVersion = 16.0.29911.84
MinimumVisualStudioVersion = 10.0.40219.1
Project("{2150E333-8FDC-42A3-9474-1A3956D46DE8}") = "API", "API", "{1B40C423-8307-454E-9CCF-1BE27D8C0245}"
EndProject
Project("{9A19103F-16F7-4668-BE54-9A1E7A4F7556}") = "SocialPay.API", "SocialPay.API\SocialPay.API.csproj", "{FC0314D0-DA32-4EDF-A14E-DBA1163B6599}"
EndProject
Project("{2150E333-8FDC-42A3-9474-1A3956D46DE8}") = "Data", "Data", "{C7B3C03F-2773-4D37-B0BF-F6CEFE0EE917}"
EndProject
Project("{9A19103F-16F7-4668-BE54-9A1E7A4F7556}") = "SocialPay.Domain", "SocialPay.Domain\SocialPay.Domain.csproj", "{0BD2C01D-F20A-482A-A620-61E2020ED2CE}"
EndProject
Project("{2150E333-8FDC-42A3-9474-1A3956D46DE8}") = "Repository", "Repository", "{72A0A885-2AD2-4742-8372-4CA3366F0B27}"
EndProject
Project("{9A19103F-16F7-4668-BE54-9A1E7A4F7556}") = "SocialPay.Core", "SocialPay.Core\SocialPay.Core.csproj", "{4E9841C2-BDF8-4AA8-B2CC-28DCEF4EFBD7}"
EndProject
Project("{2150E333-8FDC-42A3-9474-1A3956D46DE8}") = "Helper", "Helper", "{ACF1DD53-BF68-4613-95C6-788E0989FD62}"
EndProject
Project("{9A19103F-16F7-4668-BE54-9A1E7A4F7556}") = "SocialPay.Helper", "SocialPay.Helper\SocialPay.Helper.csproj", "{0E71208B-DBA0-4D5E-93C3-288D604C2049}"
EndProject
Project("{2150E333-8FDC-42A3-9474-1A3956D46DE8}") = "Test", "Test", "{40762C4D-05F4-4360-A6E3-0D77AFDDED45}"
EndProject
Project("{9A19103F-16F7-4668-BE54-9A1E7A4F7556}") = "API.Test", "API.Test\API.Test.csproj", "{AF5AD49D-8C1E-4E9A-A74E-42E8F69F5035}"
EndProject
Project("{2150E333-8FDC-42A3-9474-1A3956D46DE8}") = "Job", "Job", "{B7CC0734-2903-4CD8-B810-6C9B590176C0}"
EndProject
Project("{9A19103F-16F7-4668-BE54-9A1E7A4F7556}") = "SocialPay.Job", "SocialPay.Job\SocialPay.Job.csproj", "{0053C2D4-D695-4072-90E9-067435133544}"
EndProject
Project("{2150E333-8FDC-42A3-9474-1A3956D46DE8}") = "Src", "Src", "{38382801-598E-46BB-B878-99BBC6ED2D24}"
EndProject
Project("{2150E333-8FDC-42A3-9474-1A3956D46DE8}") = "Business Layer", "Business Layer", "{A8D68AA7-A241-4C3C-B152-DB27652B86B2}"
EndProject
Project("{2150E333-8FDC-42A3-9474-1A3956D46DE8}") = "Data Layer", "Data Layer", "{401CBD87-9B3D-42D8-AAE1-124180F89CFB}"
EndProject
Project("{2150E333-8FDC-42A3-9474-1A3956D46DE8}") = "Domain Layer", "Domain Layer", "{B8E20C3E-0440-4602-8E33-3B3445814534}"
EndProject
Project("{2150E333-8FDC-42A3-9474-1A3956D46DE8}") = "Helper Layer", "Helper Layer", "{5EC0A5D1-84BA-4DCA-8A32-9C173C77A70A}"
EndProject
Project("{2150E333-8FDC-42A3-9474-1A3956D46DE8}") = "Presentation Layer", "Presentation Layer", "{EA78659B-BF77-49A3-BCB1-4E14496E23C5}"
EndProject
Project("{FAE04EC0-301F-11D3-BF4B-00C04F79EFBC}") = "SocialPay.ApplicationCore", "SocialPay.ApplicationCore\SocialPay.ApplicationCore.csproj", "{5A3C0086-BE75-4AB7-BCD0-1B53ABAD5D68}"
EndProject
Project("{FAE04EC0-301F-11D3-BF4B-00C04F79EFBC}") = "SocialPay.Persistance", "SocialPay.Persistance\SocialPay.Persistance.csproj", "{6BF48A57-806F-4CF2-BE36-425ECF053375}"
EndProject
Project("{FAE04EC0-301F-11D3-BF4B-00C04F79EFBC}") = "SocialPay.DomainLayer", "SocialPay.DomainLayer\SocialPay.DomainLayer.csproj", "{1C4D1401-0E9E-4F3E-84AC-B22845D73D2A}"
EndProject
Project("{FAE04EC0-301F-11D3-BF4B-00C04F79EFBC}") = "SocialPay.HelperLayer", "SocialPay.HelperLayer\SocialPay.HelperLayer.csproj", "{5ADDCCB6-6ACD-47CC-994D-E2BD33AD43A7}"
EndProject
Project("{FAE04EC0-301F-11D3-BF4B-00C04F79EFBC}") = "SocialPayAPI", "SocialPayAPI\SocialPayAPI.csproj", "{BFC86FCD-4A9A-4474-A93E-F4D4EEAEA731}"
EndProject
Global
	GlobalSection(SolutionConfigurationPlatforms) = preSolution
		Debug|Any CPU = Debug|Any CPU
		Release|Any CPU = Release|Any CPU
	EndGlobalSection
	GlobalSection(ProjectConfigurationPlatforms) = postSolution
		{FC0314D0-DA32-4EDF-A14E-DBA1163B6599}.Debug|Any CPU.ActiveCfg = Debug|Any CPU
		{FC0314D0-DA32-4EDF-A14E-DBA1163B6599}.Debug|Any CPU.Build.0 = Debug|Any CPU
		{FC0314D0-DA32-4EDF-A14E-DBA1163B6599}.Release|Any CPU.ActiveCfg = Release|Any CPU
		{FC0314D0-DA32-4EDF-A14E-DBA1163B6599}.Release|Any CPU.Build.0 = Release|Any CPU
		{0BD2C01D-F20A-482A-A620-61E2020ED2CE}.Debug|Any CPU.ActiveCfg = Debug|Any CPU
		{0BD2C01D-F20A-482A-A620-61E2020ED2CE}.Debug|Any CPU.Build.0 = Debug|Any CPU
		{0BD2C01D-F20A-482A-A620-61E2020ED2CE}.Release|Any CPU.ActiveCfg = Release|Any CPU
		{0BD2C01D-F20A-482A-A620-61E2020ED2CE}.Release|Any CPU.Build.0 = Release|Any CPU
		{4E9841C2-BDF8-4AA8-B2CC-28DCEF4EFBD7}.Debug|Any CPU.ActiveCfg = Debug|Any CPU
		{4E9841C2-BDF8-4AA8-B2CC-28DCEF4EFBD7}.Debug|Any CPU.Build.0 = Debug|Any CPU
		{4E9841C2-BDF8-4AA8-B2CC-28DCEF4EFBD7}.Release|Any CPU.ActiveCfg = Release|Any CPU
		{4E9841C2-BDF8-4AA8-B2CC-28DCEF4EFBD7}.Release|Any CPU.Build.0 = Release|Any CPU
		{0E71208B-DBA0-4D5E-93C3-288D604C2049}.Debug|Any CPU.ActiveCfg = Debug|Any CPU
		{0E71208B-DBA0-4D5E-93C3-288D604C2049}.Debug|Any CPU.Build.0 = Debug|Any CPU
		{0E71208B-DBA0-4D5E-93C3-288D604C2049}.Release|Any CPU.ActiveCfg = Release|Any CPU
		{0E71208B-DBA0-4D5E-93C3-288D604C2049}.Release|Any CPU.Build.0 = Release|Any CPU
		{AF5AD49D-8C1E-4E9A-A74E-42E8F69F5035}.Debug|Any CPU.ActiveCfg = Debug|Any CPU
		{AF5AD49D-8C1E-4E9A-A74E-42E8F69F5035}.Debug|Any CPU.Build.0 = Debug|Any CPU
		{AF5AD49D-8C1E-4E9A-A74E-42E8F69F5035}.Release|Any CPU.ActiveCfg = Release|Any CPU
		{AF5AD49D-8C1E-4E9A-A74E-42E8F69F5035}.Release|Any CPU.Build.0 = Release|Any CPU
		{0053C2D4-D695-4072-90E9-067435133544}.Debug|Any CPU.ActiveCfg = Debug|Any CPU
		{0053C2D4-D695-4072-90E9-067435133544}.Debug|Any CPU.Build.0 = Debug|Any CPU
		{0053C2D4-D695-4072-90E9-067435133544}.Release|Any CPU.ActiveCfg = Release|Any CPU
		{0053C2D4-D695-4072-90E9-067435133544}.Release|Any CPU.Build.0 = Release|Any CPU
		{5A3C0086-BE75-4AB7-BCD0-1B53ABAD5D68}.Debug|Any CPU.ActiveCfg = Debug|Any CPU
		{5A3C0086-BE75-4AB7-BCD0-1B53ABAD5D68}.Debug|Any CPU.Build.0 = Debug|Any CPU
		{5A3C0086-BE75-4AB7-BCD0-1B53ABAD5D68}.Release|Any CPU.ActiveCfg = Release|Any CPU
		{5A3C0086-BE75-4AB7-BCD0-1B53ABAD5D68}.Release|Any CPU.Build.0 = Release|Any CPU
		{6BF48A57-806F-4CF2-BE36-425ECF053375}.Debug|Any CPU.ActiveCfg = Debug|Any CPU
		{6BF48A57-806F-4CF2-BE36-425ECF053375}.Debug|Any CPU.Build.0 = Debug|Any CPU
		{6BF48A57-806F-4CF2-BE36-425ECF053375}.Release|Any CPU.ActiveCfg = Release|Any CPU
		{6BF48A57-806F-4CF2-BE36-425ECF053375}.Release|Any CPU.Build.0 = Release|Any CPU
		{1C4D1401-0E9E-4F3E-84AC-B22845D73D2A}.Debug|Any CPU.ActiveCfg = Debug|Any CPU
		{1C4D1401-0E9E-4F3E-84AC-B22845D73D2A}.Debug|Any CPU.Build.0 = Debug|Any CPU
		{1C4D1401-0E9E-4F3E-84AC-B22845D73D2A}.Release|Any CPU.ActiveCfg = Release|Any CPU
		{1C4D1401-0E9E-4F3E-84AC-B22845D73D2A}.Release|Any CPU.Build.0 = Release|Any CPU
		{5ADDCCB6-6ACD-47CC-994D-E2BD33AD43A7}.Debug|Any CPU.ActiveCfg = Debug|Any CPU
		{5ADDCCB6-6ACD-47CC-994D-E2BD33AD43A7}.Debug|Any CPU.Build.0 = Debug|Any CPU
		{5ADDCCB6-6ACD-47CC-994D-E2BD33AD43A7}.Release|Any CPU.ActiveCfg = Release|Any CPU
		{5ADDCCB6-6ACD-47CC-994D-E2BD33AD43A7}.Release|Any CPU.Build.0 = Release|Any CPU
		{BFC86FCD-4A9A-4474-A93E-F4D4EEAEA731}.Debug|Any CPU.ActiveCfg = Debug|Any CPU
		{BFC86FCD-4A9A-4474-A93E-F4D4EEAEA731}.Debug|Any CPU.Build.0 = Debug|Any CPU
		{BFC86FCD-4A9A-4474-A93E-F4D4EEAEA731}.Release|Any CPU.ActiveCfg = Release|Any CPU
		{BFC86FCD-4A9A-4474-A93E-F4D4EEAEA731}.Release|Any CPU.Build.0 = Release|Any CPU
	EndGlobalSection
	GlobalSection(SolutionProperties) = preSolution
		HideSolutionNode = FALSE
	EndGlobalSection
	GlobalSection(NestedProjects) = preSolution
		{FC0314D0-DA32-4EDF-A14E-DBA1163B6599} = {1B40C423-8307-454E-9CCF-1BE27D8C0245}
		{0BD2C01D-F20A-482A-A620-61E2020ED2CE} = {C7B3C03F-2773-4D37-B0BF-F6CEFE0EE917}
		{4E9841C2-BDF8-4AA8-B2CC-28DCEF4EFBD7} = {72A0A885-2AD2-4742-8372-4CA3366F0B27}
		{0E71208B-DBA0-4D5E-93C3-288D604C2049} = {ACF1DD53-BF68-4613-95C6-788E0989FD62}
		{AF5AD49D-8C1E-4E9A-A74E-42E8F69F5035} = {40762C4D-05F4-4360-A6E3-0D77AFDDED45}
		{0053C2D4-D695-4072-90E9-067435133544} = {B7CC0734-2903-4CD8-B810-6C9B590176C0}
		{A8D68AA7-A241-4C3C-B152-DB27652B86B2} = {38382801-598E-46BB-B878-99BBC6ED2D24}
		{401CBD87-9B3D-42D8-AAE1-124180F89CFB} = {38382801-598E-46BB-B878-99BBC6ED2D24}
		{B8E20C3E-0440-4602-8E33-3B3445814534} = {38382801-598E-46BB-B878-99BBC6ED2D24}
		{5EC0A5D1-84BA-4DCA-8A32-9C173C77A70A} = {38382801-598E-46BB-B878-99BBC6ED2D24}
		{EA78659B-BF77-49A3-BCB1-4E14496E23C5} = {38382801-598E-46BB-B878-99BBC6ED2D24}
		{5A3C0086-BE75-4AB7-BCD0-1B53ABAD5D68} = {A8D68AA7-A241-4C3C-B152-DB27652B86B2}
		{6BF48A57-806F-4CF2-BE36-425ECF053375} = {401CBD87-9B3D-42D8-AAE1-124180F89CFB}
		{1C4D1401-0E9E-4F3E-84AC-B22845D73D2A} = {B8E20C3E-0440-4602-8E33-3B3445814534}
		{5ADDCCB6-6ACD-47CC-994D-E2BD33AD43A7} = {5EC0A5D1-84BA-4DCA-8A32-9C173C77A70A}
		{BFC86FCD-4A9A-4474-A93E-F4D4EEAEA731} = {EA78659B-BF77-49A3-BCB1-4E14496E23C5}
	EndGlobalSection
	GlobalSection(ExtensibilityGlobals) = postSolution
		SolutionGuid = {30D65A42-FF62-4F5C-B020-C5039EC0A513}
	EndGlobalSection
EndGlobal
